# THIS IS AN AUTOGENERATED FILE. DO NOT EDIT THIS FILE DIRECTLY.
# yarn lockfile v1


"@remato/prettier-config@^1.0.0":
  version "1.0.0"
  resolved "https://registry.yarnpkg.com/@remato/prettier-config/-/prettier-config-1.0.0.tgz#671a1057ea9613ed3fbfe6e8ef51869a13e41de3"
  integrity sha512-b6E3LmgaMlaGS2EfZXsncifqcLWffmki4tel+oTEpNA+e0X4AD4OLw0yke0El3YriBQaZu9TPKb7eEEbGvxwZg==
