# THIS IS AN AUTOGENERATED FILE. DO NOT EDIT THIS FILE DIRECTLY.
# yarn lockfile v1


"@remato/prettier-config@^1.1.0":
  version "1.1.0"
  resolved "https://registry.yarnpkg.com/@remato/prettier-config/-/prettier-config-1.1.0.tgz#3002e429f1f3c1b50bddd1a616db0b0dc370c5f6"
  integrity sha512-hZoYpOy2WPggxkD4RWHFGruVgU64mbuu1OO47DjjGykB09C19VQvuUBuNH/xHH5y7O9oUckmATtpH7hMKhGe3g==
